%{"ex_spec": {:hex, :ex_spec, "2.0.1", "8bdbd6fa85995fbf836ed799571d44be6f9ebbcace075209fd0ad06372c111cf", [], [], "hexpm"},
  "floki": {:hex, :floki, "0.17.2", "81b3a39d85f5cae39c8da16236ce152f7f8f50faf84b480ba53351d7e96ca6ca", [], [{:mochiweb, "~> 2.15", [hex: :mochiweb, repo: "hexpm", optional: false]}], "hexpm"},
  "mochiweb": {:hex, :mochiweb, "2.15.0", "e1daac474df07651e5d17cc1e642c4069c7850dc4508d3db7263a0651330aacc", [], [], "hexpm"}}
